<?xml version="1.0" encoding="utf-8"?>
<Project ToolsVersion="4.0" xmlns="http://schemas.microsoft.com/developer/msbuild/2003">
  <ItemGroup>
    <ClInclude Include="framework.h" />
    <ClInclude Include="c_baseentity.h">
      <Filter>sdk</Filter>
    </ClInclude>
    <ClInclude Include="css.h" />
    <ClInclude Include="sdk.h">
      <Filter>sdk</Filter>
    </ClInclude>
    <ClInclude Include="color.h">
      <Filter>sdk</Filter>
    </ClInclude>
    <ClInclude Include="i_cvar.h">
      <Filter>sdk</Filter>
    </ClInclude>
    <ClInclude Include="i_clientmode.h">
      <Filter>sdk</Filter>
    </ClInclude>
    <ClInclude Include="i_surface.h">
      <Filter>sdk</Filter>
    </ClInclude>
    <ClInclude Include="usercmd.h">
      <Filter>sdk</Filter>
    </ClInclude>
    <ClInclude Include="i_engineclient.h">
      <Filter>sdk</Filter>
    </ClInclude>
    <ClInclude Include="i_cliententitylist.h">
      <Filter>sdk</Filter>
    </ClInclude>
    <ClInclude Include="i_baseclient.h">
      <Filter>sdk</Filter>
    </ClInclude>
    <ClInclude Include="i_panel.h">
      <Filter>sdk</Filter>
    </ClInclude>
    <ClInclude Include="vfunc.h" />
    <ClInclude Include="hooks.h">
      <Filter>hooks</Filter>
    </ClInclude>
    <ClInclude Include="vmt.h">
      <Filter>hooks\vmt</Filter>
    </ClInclude>
    <ClInclude Include="util.h">
      <Filter>util</Filter>
    </ClInclude>
    <ClInclude Include="console.h" />
    <ClInclude Include="visuals.h">
      <Filter>hacks\visuals</Filter>
    </ClInclude>
    <ClInclude Include="netvars.h">
      <Filter>util\netvars</Filter>
    </ClInclude>
    <ClInclude Include="fnv.h">
      <Filter>util\fnv</Filter>
    </ClInclude>
    <ClInclude Include="movement.h">
      <Filter>hacks\movement</Filter>
    </ClInclude>
    <ClInclude Include="render.h">
      <Filter>render</Filter>
    </ClInclude>
    <ClInclude Include="ctx.h">
      <Filter>localplayer</Filter>
    </ClInclude>
    <ClInclude Include="buffer.h">
      <Filter>util\minhook</Filter>
    </ClInclude>
    <ClInclude Include="minhook.h">
      <Filter>util\minhook</Filter>
    </ClInclude>
    <ClInclude Include="trampoline.h">
      <Filter>util\minhook</Filter>
    </ClInclude>
    <ClInclude Include="hde32.h">
      <Filter>util\minhook\hde</Filter>
    </ClInclude>
    <ClInclude Include="hde64.h">
      <Filter>util\minhook\hde</Filter>
    </ClInclude>
    <ClInclude Include="pstdint.h">
      <Filter>util\minhook\hde</Filter>
    </ClInclude>
    <ClInclude Include="table32.h">
      <Filter>util\minhook\hde</Filter>
    </ClInclude>
    <ClInclude Include="table64.h">
      <Filter>util\minhook\hde</Filter>
    </ClInclude>
    <ClInclude Include="vector.h">
      <Filter>hacks</Filter>
    </ClInclude>
    <ClInclude Include="i_input.h">
      <Filter>sdk</Filter>
    </ClInclude>
    <ClInclude Include="server.h">
      <Filter>sdk</Filter>
    </ClInclude>
    <ClInclude Include="interfaces.h">
      <Filter>sdk</Filter>
    </ClInclude>
  </ItemGroup>
  <ItemGroup>
    <ClCompile Include="source.cpp" />
    <ClCompile Include="css.cpp" />
    <ClCompile Include="util.cpp">
      <Filter>util</Filter>
    </ClCompile>
    <ClCompile Include="hooks.cpp">
      <Filter>hooks</Filter>
    </ClCompile>
    <ClCompile Include="console.cpp" />
    <ClCompile Include="visuals.cpp">
      <Filter>hacks\visuals</Filter>
    </ClCompile>
    <ClCompile Include="netvars.cpp">
      <Filter>util\netvars</Filter>
    </ClCompile>
    <ClCompile Include="movement.cpp">
      <Filter>hacks\movement</Filter>
    </ClCompile>
    <ClCompile Include="render.cpp">
      <Filter>render</Filter>
    </ClCompile>
    <ClCompile Include="ctx.cpp">
      <Filter>localplayer</Filter>
    </ClCompile>
    <ClCompile Include="buffer.c">
      <Filter>util\minhook</Filter>
    </ClCompile>
    <ClCompile Include="hook.c">
      <Filter>util\minhook</Filter>
    </ClCompile>
    <ClCompile Include="trampoline.c">
      <Filter>util\minhook</Filter>
    </ClCompile>
    <ClCompile Include="hde32.c">
      <Filter>util\minhook\hde</Filter>
    </ClCompile>
    <ClCompile Include="hde64.c">
      <Filter>util\minhook\hde</Filter>
    </ClCompile>
    <ClCompile Include="interfaces.cpp">
      <Filter>sdk</Filter>
    </ClCompile>
  </ItemGroup>
  <ItemGroup>
    <Filter Include="sdk">
      <UniqueIdentifier>{ef857fba-224c-4584-8626-aa14b6a9a8bf}</UniqueIdentifier>
    </Filter>
    <Filter Include="hooks">
      <UniqueIdentifier>{33a1b5aa-9b85-481a-9f99-35cb672114f0}</UniqueIdentifier>
    </Filter>
    <Filter Include="hooks\vmt">
      <UniqueIdentifier>{811e6c29-9eaf-4e8d-9b9a-f061f93b1fb4}</UniqueIdentifier>
    </Filter>
    <Filter Include="util">
      <UniqueIdentifier>{6626b93f-262b-41e6-b97b-bab4d6fe72ab}</UniqueIdentifier>
    </Filter>
    <Filter Include="hacks">
      <UniqueIdentifier>{ed258593-ab9b-45ff-a86a-b2b591c3cac4}</UniqueIdentifier>
    </Filter>
    <Filter Include="hacks\visuals">
      <UniqueIdentifier>{940beaee-e55d-475b-86a4-c41693f1313a}</UniqueIdentifier>
    </Filter>
    <Filter Include="util\netvars">
      <UniqueIdentifier>{9bec8f1c-58f2-48eb-baad-c0214ddaed67}</UniqueIdentifier>
    </Filter>
    <Filter Include="util\fnv">
      <UniqueIdentifier>{0fdef47c-7aef-4b2f-b6f5-7a211716cc52}</UniqueIdentifier>
    </Filter>
    <Filter Include="hacks\movement">
      <UniqueIdentifier>{28c5639d-c608-47fb-87b5-8e901a1715da}</UniqueIdentifier>
    </Filter>
    <Filter Include="render">
      <UniqueIdentifier>{40d6bfad-d183-4c96-9662-c697003f5d4e}</UniqueIdentifier>
    </Filter>
    <Filter Include="localplayer">
      <UniqueIdentifier>{7a83dd5c-3399-4bb6-9de7-23d7b8ce8aa4}</UniqueIdentifier>
    </Filter>
    <Filter Include="util\minhook">
      <UniqueIdentifier>{5c302a95-94f1-466f-9a2a-ec658277d15a}</UniqueIdentifier>
    </Filter>
    <Filter Include="util\minhook\hde">
      <UniqueIdentifier>{298c1e97-e466-4cf4-a8d5-26bb23a9c0a8}</UniqueIdentifier>
    </Filter>
    <Filter Include="ui">
      <UniqueIdentifier>{a9667969-d331-41ce-a14a-6f67f72a102b}</UniqueIdentifier>
    </Filter>
  </ItemGroup>
</Project>